<?xml version="1.0" encoding="UTF-8"?>
<CodeBlocks_project_file>
	<FileVersion major="1" minor="6"/>
	<Project>
		<Option title="forcefield"/>
		<Option makefile_is_custom="1"/>
		<Option compiler="gcc"/>
		<Option virtualFolders="CMake Files\;CMake Files\src\;CMake Files\..\;CMake Files\..\..\;CMake Files\..\..\..\;CMake Files\..\..\..\..\;CMake Files\..\..\..\..\..\;CMake Files\..\..\..\..\..\..\;CMake Files\..\..\..\..\..\..\..\;CMake Files\..\..\..\..\..\..\..\opt\;CMake Files\..\..\..\..\..\..\..\opt\robocomp\;CMake Files\..\..\..\..\..\..\..\opt\robocomp\cmake\;CMake Files\..\..\..\..\..\..\..\opt\robocomp\cmake\modules\;CMake Files\..\..\..\..\..\..\..\usr\;CMake Files\..\..\..\..\..\..\..\usr\lib\;CMake Files\..\..\..\..\..\..\..\usr\lib\x86_64-linux-gnu\;CMake Files\..\..\..\..\..\..\..\usr\lib\x86_64-linux-gnu\cmake\;CMake Files\..\..\..\..\..\..\..\usr\lib\x86_64-linux-gnu\cmake\Qt5\;CMake Files\..\..\..\..\..\..\..\usr\lib\x86_64-linux-gnu\cmake\Qt5Core\;CMake Files\..\..\..\..\..\..\..\usr\lib\x86_64-linux-gnu\cmake\Qt5Gui\;CMake Files\..\..\..\..\..\..\..\usr\lib\x86_64-linux-gnu\cmake\Qt5Widgets\;CMake Files\..\..\..\..\..\..\..\usr\lib\x86_64-linux-gnu\cmake\Qt5Sql\;CMake Files\..\..\..\..\..\..\..\usr\lib\x86_64-linux-gnu\cmake\Qt5OpenGL\;CMake Files\..\..\..\..\..\..\..\usr\lib\x86_64-linux-gnu\cmake\Qt5Xml\;CMake Files\..\..\..\..\..\..\..\usr\lib\x86_64-linux-gnu\cmake\Qt5XmlPatterns\;CMake Files\..\..\..\..\..\..\..\usr\lib\x86_64-linux-gnu\cmake\Qt5Network\;CMake Files\..\..\..\..\..\..\..\usr\lib\x86_64-linux-gnu\cmake\opencv4\;"/>
		<Build>
			<Target title="all">
				<Option working_dir="/home/alumno/robocomp/components/Rob-tica-G8/tarea4/forcefield"/>
				<Option type="4"/>
				<MakeCommands>
					<Build command="/usr/bin/gmake -f &quot;/home/alumno/robocomp/components/Rob-tica-G8/tarea4/forcefield/Makefile&quot;  VERBOSE=1 all"/>
					<CompileFile command="/usr/bin/gmake -f &quot;/home/alumno/robocomp/components/Rob-tica-G8/tarea4/forcefield/Makefile&quot;  VERBOSE=1 &quot;$file&quot;"/>
					<Clean command="/usr/bin/gmake -f &quot;/home/alumno/robocomp/components/Rob-tica-G8/tarea4/forcefield/Makefile&quot;  VERBOSE=1 clean"/>
					<DistClean command="/usr/bin/gmake -f &quot;/home/alumno/robocomp/components/Rob-tica-G8/tarea4/forcefield/Makefile&quot;  VERBOSE=1 clean"/>
				</MakeCommands>
			</Target>
			<Target title="edit_cache">
				<Option working_dir="/home/alumno/robocomp/components/Rob-tica-G8/tarea4/forcefield"/>
				<Option type="4"/>
				<MakeCommands>
					<Build command="/usr/bin/gmake -f &quot;/home/alumno/robocomp/components/Rob-tica-G8/tarea4/forcefield/Makefile&quot;  VERBOSE=1 edit_cache"/>
					<CompileFile command="/usr/bin/gmake -f &quot;/home/alumno/robocomp/components/Rob-tica-G8/tarea4/forcefield/Makefile&quot;  VERBOSE=1 &quot;$file&quot;"/>
					<Clean command="/usr/bin/gmake -f &quot;/home/alumno/robocomp/components/Rob-tica-G8/tarea4/forcefield/Makefile&quot;  VERBOSE=1 clean"/>
					<DistClean command="/usr/bin/gmake -f &quot;/home/alumno/robocomp/components/Rob-tica-G8/tarea4/forcefield/Makefile&quot;  VERBOSE=1 clean"/>
				</MakeCommands>
			</Target>
			<Target title="rebuild_cache">
				<Option working_dir="/home/alumno/robocomp/components/Rob-tica-G8/tarea4/forcefield"/>
				<Option type="4"/>
				<MakeCommands>
					<Build command="/usr/bin/gmake -f &quot;/home/alumno/robocomp/components/Rob-tica-G8/tarea4/forcefield/Makefile&quot;  VERBOSE=1 rebuild_cache"/>
					<CompileFile command="/usr/bin/gmake -f &quot;/home/alumno/robocomp/components/Rob-tica-G8/tarea4/forcefield/Makefile&quot;  VERBOSE=1 &quot;$file&quot;"/>
					<Clean command="/usr/bin/gmake -f &quot;/home/alumno/robocomp/components/Rob-tica-G8/tarea4/forcefield/Makefile&quot;  VERBOSE=1 clean"/>
					<DistClean command="/usr/bin/gmake -f &quot;/home/alumno/robocomp/components/Rob-tica-G8/tarea4/forcefield/Makefile&quot;  VERBOSE=1 clean"/>
				</MakeCommands>
			</Target>
			<Target title="list_install_components">
				<Option working_dir="/home/alumno/robocomp/components/Rob-tica-G8/tarea4/forcefield"/>
				<Option type="4"/>
				<MakeCommands>
					<Build command="/usr/bin/gmake -f &quot;/home/alumno/robocomp/components/Rob-tica-G8/tarea4/forcefield/Makefile&quot;  VERBOSE=1 list_install_components"/>
					<CompileFile command="/usr/bin/gmake -f &quot;/home/alumno/robocomp/components/Rob-tica-G8/tarea4/forcefield/Makefile&quot;  VERBOSE=1 &quot;$file&quot;"/>
					<Clean command="/usr/bin/gmake -f &quot;/home/alumno/robocomp/components/Rob-tica-G8/tarea4/forcefield/Makefile&quot;  VERBOSE=1 clean"/>
					<DistClean command="/usr/bin/gmake -f &quot;/home/alumno/robocomp/components/Rob-tica-G8/tarea4/forcefield/Makefile&quot;  VERBOSE=1 clean"/>
				</MakeCommands>
			</Target>
			<Target title="install">
				<Option working_dir="/home/alumno/robocomp/components/Rob-tica-G8/tarea4/forcefield"/>
				<Option type="4"/>
				<MakeCommands>
					<Build command="/usr/bin/gmake -f &quot;/home/alumno/robocomp/components/Rob-tica-G8/tarea4/forcefield/Makefile&quot;  VERBOSE=1 install"/>
					<CompileFile command="/usr/bin/gmake -f &quot;/home/alumno/robocomp/components/Rob-tica-G8/tarea4/forcefield/Makefile&quot;  VERBOSE=1 &quot;$file&quot;"/>
					<Clean command="/usr/bin/gmake -f &quot;/home/alumno/robocomp/components/Rob-tica-G8/tarea4/forcefield/Makefile&quot;  VERBOSE=1 clean"/>
					<DistClean command="/usr/bin/gmake -f &quot;/home/alumno/robocomp/components/Rob-tica-G8/tarea4/forcefield/Makefile&quot;  VERBOSE=1 clean"/>
				</MakeCommands>
			</Target>
			<Target title="install/local">
				<Option working_dir="/home/alumno/robocomp/components/Rob-tica-G8/tarea4/forcefield"/>
				<Option type="4"/>
				<MakeCommands>
					<Build command="/usr/bin/gmake -f &quot;/home/alumno/robocomp/components/Rob-tica-G8/tarea4/forcefield/Makefile&quot;  VERBOSE=1 install/local"/>
					<CompileFile command="/usr/bin/gmake -f &quot;/home/alumno/robocomp/components/Rob-tica-G8/tarea4/forcefield/Makefile&quot;  VERBOSE=1 &quot;$file&quot;"/>
					<Clean command="/usr/bin/gmake -f &quot;/home/alumno/robocomp/components/Rob-tica-G8/tarea4/forcefield/Makefile&quot;  VERBOSE=1 clean"/>
					<DistClean command="/usr/bin/gmake -f &quot;/home/alumno/robocomp/components/Rob-tica-G8/tarea4/forcefield/Makefile&quot;  VERBOSE=1 clean"/>
				</MakeCommands>
			</Target>
			<Target title="install/strip">
				<Option working_dir="/home/alumno/robocomp/components/Rob-tica-G8/tarea4/forcefield"/>
				<Option type="4"/>
				<MakeCommands>
					<Build command="/usr/bin/gmake -f &quot;/home/alumno/robocomp/components/Rob-tica-G8/tarea4/forcefield/Makefile&quot;  VERBOSE=1 install/strip"/>
					<CompileFile command="/usr/bin/gmake -f &quot;/home/alumno/robocomp/components/Rob-tica-G8/tarea4/forcefield/Makefile&quot;  VERBOSE=1 &quot;$file&quot;"/>
					<Clean command="/usr/bin/gmake -f &quot;/home/alumno/robocomp/components/Rob-tica-G8/tarea4/forcefield/Makefile&quot;  VERBOSE=1 clean"/>
					<DistClean command="/usr/bin/gmake -f &quot;/home/alumno/robocomp/components/Rob-tica-G8/tarea4/forcefield/Makefile&quot;  VERBOSE=1 clean"/>
				</MakeCommands>
			</Target>
			<Target title="ICES__home_alumno_robocomp_components_Rob-tica-G8_tarea4_forcefield_src">
				<Option working_dir="/home/alumno/robocomp/components/Rob-tica-G8/tarea4/forcefield/src"/>
				<Option type="4"/>
				<MakeCommands>
					<Build command="/usr/bin/gmake -f &quot;/home/alumno/robocomp/components/Rob-tica-G8/tarea4/forcefield/src/Makefile&quot;  VERBOSE=1 ICES__home_alumno_robocomp_components_Rob-tica-G8_tarea4_forcefield_src"/>
					<CompileFile command="/usr/bin/gmake -f &quot;/home/alumno/robocomp/components/Rob-tica-G8/tarea4/forcefield/src/Makefile&quot;  VERBOSE=1 &quot;$file&quot;"/>
					<Clean command="/usr/bin/gmake -f &quot;/home/alumno/robocomp/components/Rob-tica-G8/tarea4/forcefield/src/Makefile&quot;  VERBOSE=1 clean"/>
					<DistClean command="/usr/bin/gmake -f &quot;/home/alumno/robocomp/components/Rob-tica-G8/tarea4/forcefield/src/Makefile&quot;  VERBOSE=1 clean"/>
				</MakeCommands>
			</Target>
			<Target title="forcefield">
				<Option output="/home/alumno/robocomp/components/Rob-tica-G8/tarea4/forcefield/bin/forcefield" prefix_auto="0" extension_auto="0"/>
				<Option working_dir="/home/alumno/robocomp/components/Rob-tica-G8/tarea4/forcefield/bin"/>
				<Option object_output="./"/>
				<Option type="1"/>
				<Option compiler="gcc"/>
				<Compiler>
					<Add option="-DICE_CPP11_MAPPING"/>
					<Add option="-DQT_GUI_LIB"/>
					<Add option="-DQT_CORE_LIB"/>
					<Add option="-DQT_WIDGETS_LIB"/>
					<Add option="-DQT_SQL_LIB"/>
					<Add option="-DQT_OPENGL_LIB"/>
					<Add option="-DQT_XML_LIB"/>
					<Add option="-DQT_XMLPATTERNS_LIB"/>
					<Add option="-DQT_NETWORK_LIB"/>
					<Add directory="/home/alumno/robocomp/components/Rob-tica-G8/tarea4/forcefield/src/forcefield_autogen/include"/>
					<Add directory="/home/alumno/robocomp/components/Rob-tica-G8/tarea4/forcefield/src"/>
					<Add directory="/home/alumno/robocomp/components/Rob-tica-G8/tarea4/forcefield/src/."/>
					<Add directory="/opt/robocomp/include"/>
					<Add directory="/classes"/>
					<Add directory="/home/alumno/robocomp/components/Rob-tica-G8/tarea4/forcefield"/>
					<Add directory="/opt/robocomp/classes"/>
					<Add directory="/opt/robocomp/libs"/>
					<Add directory="/opt/robocomp/interfaces"/>
					<Add directory="/include"/>
					<Add directory="/usr/include/opencv4"/>
					<Add directory="/usr/include/x86_64-linux-gnu/qt5"/>
					<Add directory="/usr/include/x86_64-linux-gnu/qt5/QtGui"/>
					<Add directory="/usr/include/x86_64-linux-gnu/qt5/QtCore"/>
					<Add directory="/usr/lib/x86_64-linux-gnu/qt5/mkspecs/linux-g++"/>
					<Add directory="/usr/include/x86_64-linux-gnu/qt5/QtWidgets"/>
					<Add directory="/usr/include/x86_64-linux-gnu/qt5/QtSql"/>
					<Add directory="/usr/include/x86_64-linux-gnu/qt5/QtOpenGL"/>
					<Add directory="/usr/include/x86_64-linux-gnu/qt5/QtXml"/>
					<Add directory="/usr/include/x86_64-linux-gnu/qt5/QtXmlPatterns"/>
					<Add directory="/usr/include/x86_64-linux-gnu/qt5/QtNetwork"/>
				</Compiler>
				<MakeCommands>
					<Build command="/usr/bin/gmake -f &quot;/home/alumno/robocomp/components/Rob-tica-G8/tarea4/forcefield/src/Makefile&quot;  VERBOSE=1 forcefield"/>
					<CompileFile command="/usr/bin/gmake -f &quot;/home/alumno/robocomp/components/Rob-tica-G8/tarea4/forcefield/src/Makefile&quot;  VERBOSE=1 &quot;$file&quot;"/>
					<Clean command="/usr/bin/gmake -f &quot;/home/alumno/robocomp/components/Rob-tica-G8/tarea4/forcefield/src/Makefile&quot;  VERBOSE=1 clean"/>
					<DistClean command="/usr/bin/gmake -f &quot;/home/alumno/robocomp/components/Rob-tica-G8/tarea4/forcefield/src/Makefile&quot;  VERBOSE=1 clean"/>
				</MakeCommands>
			</Target>
			<Target title="forcefield/fast">
				<Option output="/home/alumno/robocomp/components/Rob-tica-G8/tarea4/forcefield/bin/forcefield" prefix_auto="0" extension_auto="0"/>
				<Option working_dir="/home/alumno/robocomp/components/Rob-tica-G8/tarea4/forcefield/bin"/>
				<Option object_output="./"/>
				<Option type="1"/>
				<Option compiler="gcc"/>
				<Compiler>
					<Add option="-DICE_CPP11_MAPPING"/>
					<Add option="-DQT_GUI_LIB"/>
					<Add option="-DQT_CORE_LIB"/>
					<Add option="-DQT_WIDGETS_LIB"/>
					<Add option="-DQT_SQL_LIB"/>
					<Add option="-DQT_OPENGL_LIB"/>
					<Add option="-DQT_XML_LIB"/>
					<Add option="-DQT_XMLPATTERNS_LIB"/>
					<Add option="-DQT_NETWORK_LIB"/>
					<Add directory="/home/alumno/robocomp/components/Rob-tica-G8/tarea4/forcefield/src/forcefield_autogen/include"/>
					<Add directory="/home/alumno/robocomp/components/Rob-tica-G8/tarea4/forcefield/src"/>
					<Add directory="/home/alumno/robocomp/components/Rob-tica-G8/tarea4/forcefield/src/."/>
					<Add directory="/opt/robocomp/include"/>
					<Add directory="/classes"/>
					<Add directory="/home/alumno/robocomp/components/Rob-tica-G8/tarea4/forcefield"/>
					<Add directory="/opt/robocomp/classes"/>
					<Add directory="/opt/robocomp/libs"/>
					<Add directory="/opt/robocomp/interfaces"/>
					<Add directory="/include"/>
					<Add directory="/usr/include/opencv4"/>
					<Add directory="/usr/include/x86_64-linux-gnu/qt5"/>
					<Add directory="/usr/include/x86_64-linux-gnu/qt5/QtGui"/>
					<Add directory="/usr/include/x86_64-linux-gnu/qt5/QtCore"/>
					<Add directory="/usr/lib/x86_64-linux-gnu/qt5/mkspecs/linux-g++"/>
					<Add directory="/usr/include/x86_64-linux-gnu/qt5/QtWidgets"/>
					<Add directory="/usr/include/x86_64-linux-gnu/qt5/QtSql"/>
					<Add directory="/usr/include/x86_64-linux-gnu/qt5/QtOpenGL"/>
					<Add directory="/usr/include/x86_64-linux-gnu/qt5/QtXml"/>
					<Add directory="/usr/include/x86_64-linux-gnu/qt5/QtXmlPatterns"/>
					<Add directory="/usr/include/x86_64-linux-gnu/qt5/QtNetwork"/>
				</Compiler>
				<MakeCommands>
					<Build command="/usr/bin/gmake -f &quot;/home/alumno/robocomp/components/Rob-tica-G8/tarea4/forcefield/src/Makefile&quot;  VERBOSE=1 forcefield/fast"/>
					<CompileFile command="/usr/bin/gmake -f &quot;/home/alumno/robocomp/components/Rob-tica-G8/tarea4/forcefield/src/Makefile&quot;  VERBOSE=1 &quot;$file&quot;"/>
					<Clean command="/usr/bin/gmake -f &quot;/home/alumno/robocomp/components/Rob-tica-G8/tarea4/forcefield/src/Makefile&quot;  VERBOSE=1 clean"/>
					<DistClean command="/usr/bin/gmake -f &quot;/home/alumno/robocomp/components/Rob-tica-G8/tarea4/forcefield/src/Makefile&quot;  VERBOSE=1 clean"/>
				</MakeCommands>
			</Target>
			<Target title="forcefield_autogen">
				<Option working_dir="/home/alumno/robocomp/components/Rob-tica-G8/tarea4/forcefield/src"/>
				<Option type="4"/>
				<MakeCommands>
					<Build command="/usr/bin/gmake -f &quot;/home/alumno/robocomp/components/Rob-tica-G8/tarea4/forcefield/src/Makefile&quot;  VERBOSE=1 forcefield_autogen"/>
					<CompileFile command="/usr/bin/gmake -f &quot;/home/alumno/robocomp/components/Rob-tica-G8/tarea4/forcefield/src/Makefile&quot;  VERBOSE=1 &quot;$file&quot;"/>
					<Clean command="/usr/bin/gmake -f &quot;/home/alumno/robocomp/components/Rob-tica-G8/tarea4/forcefield/src/Makefile&quot;  VERBOSE=1 clean"/>
					<DistClean command="/usr/bin/gmake -f &quot;/home/alumno/robocomp/components/Rob-tica-G8/tarea4/forcefield/src/Makefile&quot;  VERBOSE=1 clean"/>
				</MakeCommands>
			</Target>
		</Build>
		<Unit filename="/home/alumno/robocomp/components/Rob-tica-G8/tarea4/forcefield/src/CameraRGBDSimple.cpp">
			<Option target="forcefield"/>
		</Unit>
		<Unit filename="/home/alumno/robocomp/components/Rob-tica-G8/tarea4/forcefield/src/CameraRGBDSimple.cpp.rule">
			<Option target="forcefield"/>
		</Unit>
		<Unit filename="/home/alumno/robocomp/components/Rob-tica-G8/tarea4/forcefield/src/CameraRGBDSimple.h">
			<Option target="forcefield"/>
		</Unit>
		<Unit filename="/home/alumno/robocomp/components/Rob-tica-G8/tarea4/forcefield/src/CommonBehavior.cpp">
			<Option target="forcefield"/>
		</Unit>
		<Unit filename="/home/alumno/robocomp/components/Rob-tica-G8/tarea4/forcefield/src/CommonBehavior.cpp.rule">
			<Option target="forcefield"/>
		</Unit>
		<Unit filename="/home/alumno/robocomp/components/Rob-tica-G8/tarea4/forcefield/src/CommonBehavior.h">
			<Option target="forcefield"/>
		</Unit>
		<Unit filename="/home/alumno/robocomp/components/Rob-tica-G8/tarea4/forcefield/src/GenericBase.cpp">
			<Option target="forcefield"/>
		</Unit>
		<Unit filename="/home/alumno/robocomp/components/Rob-tica-G8/tarea4/forcefield/src/GenericBase.cpp.rule">
			<Option target="forcefield"/>
		</Unit>
		<Unit filename="/home/alumno/robocomp/components/Rob-tica-G8/tarea4/forcefield/src/GenericBase.h">
			<Option target="forcefield"/>
		</Unit>
		<Unit filename="/home/alumno/robocomp/components/Rob-tica-G8/tarea4/forcefield/src/JointMotorSimple.cpp">
			<Option target="forcefield"/>
		</Unit>
		<Unit filename="/home/alumno/robocomp/components/Rob-tica-G8/tarea4/forcefield/src/JointMotorSimple.cpp.rule">
			<Option target="forcefield"/>
		</Unit>
		<Unit filename="/home/alumno/robocomp/components/Rob-tica-G8/tarea4/forcefield/src/JointMotorSimple.h">
			<Option target="forcefield"/>
		</Unit>
		<Unit filename="/home/alumno/robocomp/components/Rob-tica-G8/tarea4/forcefield/src/JoystickAdapter.cpp">
			<Option target="forcefield"/>
		</Unit>
		<Unit filename="/home/alumno/robocomp/components/Rob-tica-G8/tarea4/forcefield/src/JoystickAdapter.cpp.rule">
			<Option target="forcefield"/>
		</Unit>
		<Unit filename="/home/alumno/robocomp/components/Rob-tica-G8/tarea4/forcefield/src/JoystickAdapter.h">
			<Option target="forcefield"/>
		</Unit>
		<Unit filename="/home/alumno/robocomp/components/Rob-tica-G8/tarea4/forcefield/src/OmniRobot.cpp">
			<Option target="forcefield"/>
		</Unit>
		<Unit filename="/home/alumno/robocomp/components/Rob-tica-G8/tarea4/forcefield/src/OmniRobot.cpp.rule">
			<Option target="forcefield"/>
		</Unit>
		<Unit filename="/home/alumno/robocomp/components/Rob-tica-G8/tarea4/forcefield/src/OmniRobot.h">
			<Option target="forcefield"/>
		</Unit>
		<Unit filename="/home/alumno/robocomp/components/Rob-tica-G8/tarea4/forcefield/src/YoloObjects.cpp">
			<Option target="forcefield"/>
		</Unit>
		<Unit filename="/home/alumno/robocomp/components/Rob-tica-G8/tarea4/forcefield/src/YoloObjects.cpp.rule">
			<Option target="forcefield"/>
		</Unit>
		<Unit filename="/home/alumno/robocomp/components/Rob-tica-G8/tarea4/forcefield/src/YoloObjects.h">
			<Option target="forcefield"/>
		</Unit>
		<Unit filename="/home/alumno/robocomp/components/Rob-tica-G8/tarea4/forcefield/src/camera.cpp">
			<Option target="forcefield"/>
		</Unit>
		<Unit filename="/home/alumno/robocomp/components/Rob-tica-G8/tarea4/forcefield/src/camera.h">
			<Option target="forcefield"/>
		</Unit>
		<Unit filename="/home/alumno/robocomp/components/Rob-tica-G8/tarea4/forcefield/src/commonbehaviorI.cpp">
			<Option target="forcefield"/>
		</Unit>
		<Unit filename="/home/alumno/robocomp/components/Rob-tica-G8/tarea4/forcefield/src/commonbehaviorI.h">
			<Option target="forcefield"/>
		</Unit>
		<Unit filename="/home/alumno/robocomp/components/Rob-tica-G8/tarea4/forcefield/src/door_detector.cpp">
			<Option target="forcefield"/>
		</Unit>
		<Unit filename="/home/alumno/robocomp/components/Rob-tica-G8/tarea4/forcefield/src/door_detector.h">
			<Option target="forcefield"/>
		</Unit>
		<Unit filename="/home/alumno/robocomp/components/Rob-tica-G8/tarea4/forcefield/src/dynamic_window.cpp">
			<Option target="forcefield"/>
		</Unit>
		<Unit filename="/home/alumno/robocomp/components/Rob-tica-G8/tarea4/forcefield/src/dynamic_window.h">
			<Option target="forcefield"/>
		</Unit>
		<Unit filename="/home/alumno/robocomp/components/Rob-tica-G8/tarea4/forcefield/src/forcefield_autogen/mocs_compilation.cpp">
			<Option target="forcefield"/>
		</Unit>
		<Unit filename="/home/alumno/robocomp/components/Rob-tica-G8/tarea4/forcefield/src/genericmonitor.cpp">
			<Option target="forcefield"/>
		</Unit>
		<Unit filename="/home/alumno/robocomp/components/Rob-tica-G8/tarea4/forcefield/src/genericmonitor.h">
			<Option target="forcefield"/>
		</Unit>
		<Unit filename="/home/alumno/robocomp/components/Rob-tica-G8/tarea4/forcefield/src/genericworker.cpp">
			<Option target="forcefield"/>
		</Unit>
		<Unit filename="/home/alumno/robocomp/components/Rob-tica-G8/tarea4/forcefield/src/genericworker.h">
			<Option target="forcefield"/>
		</Unit>
		<Unit filename="/home/alumno/robocomp/components/Rob-tica-G8/tarea4/forcefield/src/joystickadapterI.cpp">
			<Option target="forcefield"/>
		</Unit>
		<Unit filename="/home/alumno/robocomp/components/Rob-tica-G8/tarea4/forcefield/src/joystickadapterI.h">
			<Option target="forcefield"/>
		</Unit>
		<Unit filename="/home/alumno/robocomp/components/Rob-tica-G8/tarea4/forcefield/src/main.cpp">
			<Option target="forcefield"/>
		</Unit>
		<Unit filename="/home/alumno/robocomp/components/Rob-tica-G8/tarea4/forcefield/src/mainUI.ui">
			<Option target="forcefield"/>
		</Unit>
		<Unit filename="/home/alumno/robocomp/components/Rob-tica-G8/tarea4/forcefield/src/objects.cpp">
			<Option target="forcefield"/>
		</Unit>
		<Unit filename="/home/alumno/robocomp/components/Rob-tica-G8/tarea4/forcefield/src/objects.h">
			<Option target="forcefield"/>
		</Unit>
		<Unit filename="/home/alumno/robocomp/components/Rob-tica-G8/tarea4/forcefield/src/robot.cpp">
			<Option target="forcefield"/>
		</Unit>
		<Unit filename="/home/alumno/robocomp/components/Rob-tica-G8/tarea4/forcefield/src/robot.h">
			<Option target="forcefield"/>
		</Unit>
		<Unit filename="/home/alumno/robocomp/components/Rob-tica-G8/tarea4/forcefield/src/specificmonitor.cpp">
			<Option target="forcefield"/>
		</Unit>
		<Unit filename="/home/alumno/robocomp/components/Rob-tica-G8/tarea4/forcefield/src/specificmonitor.h">
			<Option target="forcefield"/>
		</Unit>
		<Unit filename="/home/alumno/robocomp/components/Rob-tica-G8/tarea4/forcefield/src/specificworker.cpp">
			<Option target="forcefield"/>
		</Unit>
		<Unit filename="/home/alumno/robocomp/components/Rob-tica-G8/tarea4/forcefield/src/specificworker.h">
			<Option target="forcefield"/>
		</Unit>
		<Unit filename="/home/alumno/robocomp/components/Rob-tica-G8/tarea4/forcefield/src/states.cpp">
			<Option target="forcefield"/>
		</Unit>
		<Unit filename="/home/alumno/robocomp/components/Rob-tica-G8/tarea4/forcefield/src/states.h">
			<Option target="forcefield"/>
		</Unit>
		<Unit filename="/home/alumno/robocomp/components/Rob-tica-G8/tarea4/forcefield/src/ui_mainUI.h">
			<Option target="forcefield"/>
		</Unit>
		<Unit filename="/opt/robocomp/classes/abstract_graphic_viewer/abstract_graphic_viewer.cpp">
			<Option target="forcefield"/>
		</Unit>
		<Unit filename="/opt/robocomp/classes/abstract_graphic_viewer/abstract_graphic_viewer.h">
			<Option target="forcefield"/>
		</Unit>
		<Unit filename="/opt/robocomp/classes/qlog/qlog.cpp">
			<Option target="forcefield"/>
		</Unit>
		<Unit filename="/opt/robocomp/classes/qlog/qlog.h">
			<Option target="forcefield"/>
		</Unit>
		<Unit filename="/opt/robocomp/classes/rapplication/rapplication.cpp">
			<Option target="forcefield"/>
		</Unit>
		<Unit filename="/opt/robocomp/classes/rapplication/rapplication.h">
			<Option target="forcefield"/>
		</Unit>
		<Unit filename="/opt/robocomp/classes/sigwatch/sigwatch.cpp">
			<Option target="forcefield"/>
		</Unit>
		<Unit filename="/opt/robocomp/classes/sigwatch/sigwatch.h">
			<Option target="forcefield"/>
		</Unit>
		<Unit filename="/home/alumno/robocomp/components/Rob-tica-G8/tarea4/forcefield/CMakeLists.txt">
			<Option virtualFolder="CMake Files\"/>
		</Unit>
		<Unit filename="/home/alumno/robocomp/components/Rob-tica-G8/tarea4/forcefield/src/CMakeLists.txt">
			<Option virtualFolder="CMake Files\src\"/>
		</Unit>
		<Unit filename="/home/alumno/robocomp/components/Rob-tica-G8/tarea4/forcefield/src/CMakeListsSpecific.txt">
			<Option virtualFolder="CMake Files\src\"/>
		</Unit>
		<Unit filename="/home/alumno/robocomp/components/Rob-tica-G8/tarea4/forcefield/../../../../../../../opt/robocomp/cmake/robocomp.cmake">
			<Option virtualFolder="CMake Files\..\..\..\..\..\..\..\opt\robocomp\cmake\"/>
		</Unit>
		<Unit filename="/home/alumno/robocomp/components/Rob-tica-G8/tarea4/forcefield/../../../../../../../opt/robocomp/cmake/modules/opencv4.cmake">
			<Option virtualFolder="CMake Files\..\..\..\..\..\..\..\opt\robocomp\cmake\modules\"/>
		</Unit>
		<Unit filename="/home/alumno/robocomp/components/Rob-tica-G8/tarea4/forcefield/../../../../../../../opt/robocomp/cmake/modules/qt.cmake">
			<Option virtualFolder="CMake Files\..\..\..\..\..\..\..\opt\robocomp\cmake\modules\"/>
		</Unit>
		<Unit filename="/home/alumno/robocomp/components/Rob-tica-G8/tarea4/forcefield/../../../../../../../usr/lib/x86_64-linux-gnu/cmake/Qt5/Qt5Config.cmake">
			<Option virtualFolder="CMake Files\..\..\..\..\..\..\..\usr\lib\x86_64-linux-gnu\cmake\Qt5\"/>
		</Unit>
		<Unit filename="/home/alumno/robocomp/components/Rob-tica-G8/tarea4/forcefield/../../../../../../../usr/lib/x86_64-linux-gnu/cmake/Qt5/Qt5ConfigVersion.cmake">
			<Option virtualFolder="CMake Files\..\..\..\..\..\..\..\usr\lib\x86_64-linux-gnu\cmake\Qt5\"/>
		</Unit>
		<Unit filename="/home/alumno/robocomp/components/Rob-tica-G8/tarea4/forcefield/../../../../../../../usr/lib/x86_64-linux-gnu/cmake/Qt5/Qt5ModuleLocation.cmake">
			<Option virtualFolder="CMake Files\..\..\..\..\..\..\..\usr\lib\x86_64-linux-gnu\cmake\Qt5\"/>
		</Unit>
		<Unit filename="/home/alumno/robocomp/components/Rob-tica-G8/tarea4/forcefield/../../../../../../../usr/lib/x86_64-linux-gnu/cmake/Qt5Core/Qt5CoreConfig.cmake">
			<Option virtualFolder="CMake Files\..\..\..\..\..\..\..\usr\lib\x86_64-linux-gnu\cmake\Qt5Core\"/>
		</Unit>
		<Unit filename="/home/alumno/robocomp/components/Rob-tica-G8/tarea4/forcefield/../../../../../../../usr/lib/x86_64-linux-gnu/cmake/Qt5Core/Qt5CoreConfigExtras.cmake">
			<Option virtualFolder="CMake Files\..\..\..\..\..\..\..\usr\lib\x86_64-linux-gnu\cmake\Qt5Core\"/>
		</Unit>
		<Unit filename="/home/alumno/robocomp/components/Rob-tica-G8/tarea4/forcefield/../../../../../../../usr/lib/x86_64-linux-gnu/cmake/Qt5Core/Qt5CoreConfigExtrasMkspecDir.cmake">
			<Option virtualFolder="CMake Files\..\..\..\..\..\..\..\usr\lib\x86_64-linux-gnu\cmake\Qt5Core\"/>
		</Unit>
		<Unit filename="/home/alumno/robocomp/components/Rob-tica-G8/tarea4/forcefield/../../../../../../../usr/lib/x86_64-linux-gnu/cmake/Qt5Core/Qt5CoreConfigVersion.cmake">
			<Option virtualFolder="CMake Files\..\..\..\..\..\..\..\usr\lib\x86_64-linux-gnu\cmake\Qt5Core\"/>
		</Unit>
		<Unit filename="/home/alumno/robocomp/components/Rob-tica-G8/tarea4/forcefield/../../../../../../../usr/lib/x86_64-linux-gnu/cmake/Qt5Core/Qt5CoreMacros.cmake">
			<Option virtualFolder="CMake Files\..\..\..\..\..\..\..\usr\lib\x86_64-linux-gnu\cmake\Qt5Core\"/>
		</Unit>
		<Unit filename="/home/alumno/robocomp/components/Rob-tica-G8/tarea4/forcefield/../../../../../../../usr/lib/x86_64-linux-gnu/cmake/Qt5Gui/Qt5GuiConfig.cmake">
			<Option virtualFolder="CMake Files\..\..\..\..\..\..\..\usr\lib\x86_64-linux-gnu\cmake\Qt5Gui\"/>
		</Unit>
		<Unit filename="/home/alumno/robocomp/components/Rob-tica-G8/tarea4/forcefield/../../../../../../../usr/lib/x86_64-linux-gnu/cmake/Qt5Gui/Qt5GuiConfigExtras.cmake">
			<Option virtualFolder="CMake Files\..\..\..\..\..\..\..\usr\lib\x86_64-linux-gnu\cmake\Qt5Gui\"/>
		</Unit>
		<Unit filename="/home/alumno/robocomp/components/Rob-tica-G8/tarea4/forcefield/../../../../../../../usr/lib/x86_64-linux-gnu/cmake/Qt5Gui/Qt5GuiConfigVersion.cmake">
			<Option virtualFolder="CMake Files\..\..\..\..\..\..\..\usr\lib\x86_64-linux-gnu\cmake\Qt5Gui\"/>
		</Unit>
		<Unit filename="/home/alumno/robocomp/components/Rob-tica-G8/tarea4/forcefield/../../../../../../../usr/lib/x86_64-linux-gnu/cmake/Qt5Gui/Qt5Gui_QComposePlatformInputContextPlugin.cmake">
			<Option virtualFolder="CMake Files\..\..\..\..\..\..\..\usr\lib\x86_64-linux-gnu\cmake\Qt5Gui\"/>
		</Unit>
		<Unit filename="/home/alumno/robocomp/components/Rob-tica-G8/tarea4/forcefield/../../../../../../../usr/lib/x86_64-linux-gnu/cmake/Qt5Gui/Qt5Gui_QEglFSEmulatorIntegrationPlugin.cmake">
			<Option virtualFolder="CMake Files\..\..\..\..\..\..\..\usr\lib\x86_64-linux-gnu\cmake\Qt5Gui\"/>
		</Unit>
		<Unit filename="/home/alumno/robocomp/components/Rob-tica-G8/tarea4/forcefield/../../../../../../../usr/lib/x86_64-linux-gnu/cmake/Qt5Gui/Qt5Gui_QEglFSIntegrationPlugin.cmake">
			<Option virtualFolder="CMake Files\..\..\..\..\..\..\..\usr\lib\x86_64-linux-gnu\cmake\Qt5Gui\"/>
		</Unit>
		<Unit filename="/home/alumno/robocomp/components/Rob-tica-G8/tarea4/forcefield/../../../../../../../usr/lib/x86_64-linux-gnu/cmake/Qt5Gui/Qt5Gui_QEglFSKmsEglDeviceIntegrationPlugin.cmake">
			<Option virtualFolder="CMake Files\..\..\..\..\..\..\..\usr\lib\x86_64-linux-gnu\cmake\Qt5Gui\"/>
		</Unit>
		<Unit filename="/home/alumno/robocomp/components/Rob-tica-G8/tarea4/forcefield/../../../../../../../usr/lib/x86_64-linux-gnu/cmake/Qt5Gui/Qt5Gui_QEglFSKmsGbmIntegrationPlugin.cmake">
			<Option virtualFolder="CMake Files\..\..\..\..\..\..\..\usr\lib\x86_64-linux-gnu\cmake\Qt5Gui\"/>
		</Unit>
		<Unit filename="/home/alumno/robocomp/components/Rob-tica-G8/tarea4/forcefield/../../../../../../../usr/lib/x86_64-linux-gnu/cmake/Qt5Gui/Qt5Gui_QEglFSX11IntegrationPlugin.cmake">
			<Option virtualFolder="CMake Files\..\..\..\..\..\..\..\usr\lib\x86_64-linux-gnu\cmake\Qt5Gui\"/>
		</Unit>
		<Unit filename="/home/alumno/robocomp/components/Rob-tica-G8/tarea4/forcefield/../../../../../../../usr/lib/x86_64-linux-gnu/cmake/Qt5Gui/Qt5Gui_QEvdevKeyboardPlugin.cmake">
			<Option virtualFolder="CMake Files\..\..\..\..\..\..\..\usr\lib\x86_64-linux-gnu\cmake\Qt5Gui\"/>
		</Unit>
		<Unit filename="/home/alumno/robocomp/components/Rob-tica-G8/tarea4/forcefield/../../../../../../../usr/lib/x86_64-linux-gnu/cmake/Qt5Gui/Qt5Gui_QEvdevMousePlugin.cmake">
			<Option virtualFolder="CMake Files\..\..\..\..\..\..\..\usr\lib\x86_64-linux-gnu\cmake\Qt5Gui\"/>
		</Unit>
		<Unit filename="/home/alumno/robocomp/components/Rob-tica-G8/tarea4/forcefield/../../../../../../../usr/lib/x86_64-linux-gnu/cmake/Qt5Gui/Qt5Gui_QEvdevTabletPlugin.cmake">
			<Option virtualFolder="CMake Files\..\..\..\..\..\..\..\usr\lib\x86_64-linux-gnu\cmake\Qt5Gui\"/>
		</Unit>
		<Unit filename="/home/alumno/robocomp/components/Rob-tica-G8/tarea4/forcefield/../../../../../../../usr/lib/x86_64-linux-gnu/cmake/Qt5Gui/Qt5Gui_QEvdevTouchScreenPlugin.cmake">
			<Option virtualFolder="CMake Files\..\..\..\..\..\..\..\usr\lib\x86_64-linux-gnu\cmake\Qt5Gui\"/>
		</Unit>
		<Unit filename="/home/alumno/robocomp/components/Rob-tica-G8/tarea4/forcefield/../../../../../../../usr/lib/x86_64-linux-gnu/cmake/Qt5Gui/Qt5Gui_QGifPlugin.cmake">
			<Option virtualFolder="CMake Files\..\..\..\..\..\..\..\usr\lib\x86_64-linux-gnu\cmake\Qt5Gui\"/>
		</Unit>
		<Unit filename="/home/alumno/robocomp/components/Rob-tica-G8/tarea4/forcefield/../../../../../../../usr/lib/x86_64-linux-gnu/cmake/Qt5Gui/Qt5Gui_QICOPlugin.cmake">
			<Option virtualFolder="CMake Files\..\..\..\..\..\..\..\usr\lib\x86_64-linux-gnu\cmake\Qt5Gui\"/>
		</Unit>
		<Unit filename="/home/alumno/robocomp/components/Rob-tica-G8/tarea4/forcefield/../../../../../../../usr/lib/x86_64-linux-gnu/cmake/Qt5Gui/Qt5Gui_QIbusPlatformInputContextPlugin.cmake">
			<Option virtualFolder="CMake Files\..\..\..\..\..\..\..\usr\lib\x86_64-linux-gnu\cmake\Qt5Gui\"/>
		</Unit>
		<Unit filename="/home/alumno/robocomp/components/Rob-tica-G8/tarea4/forcefield/../../../../../../../usr/lib/x86_64-linux-gnu/cmake/Qt5Gui/Qt5Gui_QJpegPlugin.cmake">
			<Option virtualFolder="CMake Files\..\..\..\..\..\..\..\usr\lib\x86_64-linux-gnu\cmake\Qt5Gui\"/>
		</Unit>
		<Unit filename="/home/alumno/robocomp/components/Rob-tica-G8/tarea4/forcefield/../../../../../../../usr/lib/x86_64-linux-gnu/cmake/Qt5Gui/Qt5Gui_QLibInputPlugin.cmake">
			<Option virtualFolder="CMake Files\..\..\..\..\..\..\..\usr\lib\x86_64-linux-gnu\cmake\Qt5Gui\"/>
		</Unit>
		<Unit filename="/home/alumno/robocomp/components/Rob-tica-G8/tarea4/forcefield/../../../../../../../usr/lib/x86_64-linux-gnu/cmake/Qt5Gui/Qt5Gui_QLinuxFbIntegrationPlugin.cmake">
			<Option virtualFolder="CMake Files\..\..\..\..\..\..\..\usr\lib\x86_64-linux-gnu\cmake\Qt5Gui\"/>
		</Unit>
		<Unit filename="/home/alumno/robocomp/components/Rob-tica-G8/tarea4/forcefield/../../../../../../../usr/lib/x86_64-linux-gnu/cmake/Qt5Gui/Qt5Gui_QMinimalEglIntegrationPlugin.cmake">
			<Option virtualFolder="CMake Files\..\..\..\..\..\..\..\usr\lib\x86_64-linux-gnu\cmake\Qt5Gui\"/>
		</Unit>
		<Unit filename="/home/alumno/robocomp/components/Rob-tica-G8/tarea4/forcefield/../../../../../../../usr/lib/x86_64-linux-gnu/cmake/Qt5Gui/Qt5Gui_QMinimalIntegrationPlugin.cmake">
			<Option virtualFolder="CMake Files\..\..\..\..\..\..\..\usr\lib\x86_64-linux-gnu\cmake\Qt5Gui\"/>
		</Unit>
		<Unit filename="/home/alumno/robocomp/components/Rob-tica-G8/tarea4/forcefield/../../../../../../../usr/lib/x86_64-linux-gnu/cmake/Qt5Gui/Qt5Gui_QOffscreenIntegrationPlugin.cmake">
			<Option virtualFolder="CMake Files\..\..\..\..\..\..\..\usr\lib\x86_64-linux-gnu\cmake\Qt5Gui\"/>
		</Unit>
		<Unit filename="/home/alumno/robocomp/components/Rob-tica-G8/tarea4/forcefield/../../../../../../../usr/lib/x86_64-linux-gnu/cmake/Qt5Gui/Qt5Gui_QTuioTouchPlugin.cmake">
			<Option virtualFolder="CMake Files\..\..\..\..\..\..\..\usr\lib\x86_64-linux-gnu\cmake\Qt5Gui\"/>
		</Unit>
		<Unit filename="/home/alumno/robocomp/components/Rob-tica-G8/tarea4/forcefield/../../../../../../../usr/lib/x86_64-linux-gnu/cmake/Qt5Gui/Qt5Gui_QVncIntegrationPlugin.cmake">
			<Option virtualFolder="CMake Files\..\..\..\..\..\..\..\usr\lib\x86_64-linux-gnu\cmake\Qt5Gui\"/>
		</Unit>
		<Unit filename="/home/alumno/robocomp/components/Rob-tica-G8/tarea4/forcefield/../../../../../../../usr/lib/x86_64-linux-gnu/cmake/Qt5Gui/Qt5Gui_QXcbEglIntegrationPlugin.cmake">
			<Option virtualFolder="CMake Files\..\..\..\..\..\..\..\usr\lib\x86_64-linux-gnu\cmake\Qt5Gui\"/>
		</Unit>
		<Unit filename="/home/alumno/robocomp/components/Rob-tica-G8/tarea4/forcefield/../../../../../../../usr/lib/x86_64-linux-gnu/cmake/Qt5Gui/Qt5Gui_QXcbGlxIntegrationPlugin.cmake">
			<Option virtualFolder="CMake Files\..\..\..\..\..\..\..\usr\lib\x86_64-linux-gnu\cmake\Qt5Gui\"/>
		</Unit>
		<Unit filename="/home/alumno/robocomp/components/Rob-tica-G8/tarea4/forcefield/../../../../../../../usr/lib/x86_64-linux-gnu/cmake/Qt5Gui/Qt5Gui_QXcbIntegrationPlugin.cmake">
			<Option virtualFolder="CMake Files\..\..\..\..\..\..\..\usr\lib\x86_64-linux-gnu\cmake\Qt5Gui\"/>
		</Unit>
		<Unit filename="/home/alumno/robocomp/components/Rob-tica-G8/tarea4/forcefield/../../../../../../../usr/lib/x86_64-linux-gnu/cmake/Qt5Widgets/Qt5WidgetsConfig.cmake">
			<Option virtualFolder="CMake Files\..\..\..\..\..\..\..\usr\lib\x86_64-linux-gnu\cmake\Qt5Widgets\"/>
		</Unit>
		<Unit filename="/home/alumno/robocomp/components/Rob-tica-G8/tarea4/forcefield/../../../../../../../usr/lib/x86_64-linux-gnu/cmake/Qt5Widgets/Qt5WidgetsConfigExtras.cmake">
			<Option virtualFolder="CMake Files\..\..\..\..\..\..\..\usr\lib\x86_64-linux-gnu\cmake\Qt5Widgets\"/>
		</Unit>
		<Unit filename="/home/alumno/robocomp/components/Rob-tica-G8/tarea4/forcefield/../../../../../../../usr/lib/x86_64-linux-gnu/cmake/Qt5Widgets/Qt5WidgetsConfigVersion.cmake">
			<Option virtualFolder="CMake Files\..\..\..\..\..\..\..\usr\lib\x86_64-linux-gnu\cmake\Qt5Widgets\"/>
		</Unit>
		<Unit filename="/home/alumno/robocomp/components/Rob-tica-G8/tarea4/forcefield/../../../../../../../usr/lib/x86_64-linux-gnu/cmake/Qt5Widgets/Qt5WidgetsMacros.cmake">
			<Option virtualFolder="CMake Files\..\..\..\..\..\..\..\usr\lib\x86_64-linux-gnu\cmake\Qt5Widgets\"/>
		</Unit>
		<Unit filename="/home/alumno/robocomp/components/Rob-tica-G8/tarea4/forcefield/../../../../../../../usr/lib/x86_64-linux-gnu/cmake/Qt5Sql/Qt5SqlConfig.cmake">
			<Option virtualFolder="CMake Files\..\..\..\..\..\..\..\usr\lib\x86_64-linux-gnu\cmake\Qt5Sql\"/>
		</Unit>
		<Unit filename="/home/alumno/robocomp/components/Rob-tica-G8/tarea4/forcefield/../../../../../../../usr/lib/x86_64-linux-gnu/cmake/Qt5Sql/Qt5SqlConfigVersion.cmake">
			<Option virtualFolder="CMake Files\..\..\..\..\..\..\..\usr\lib\x86_64-linux-gnu\cmake\Qt5Sql\"/>
		</Unit>
		<Unit filename="/home/alumno/robocomp/components/Rob-tica-G8/tarea4/forcefield/../../../../../../../usr/lib/x86_64-linux-gnu/cmake/Qt5OpenGL/Qt5OpenGLConfig.cmake">
			<Option virtualFolder="CMake Files\..\..\..\..\..\..\..\usr\lib\x86_64-linux-gnu\cmake\Qt5OpenGL\"/>
		</Unit>
		<Unit filename="/home/alumno/robocomp/components/Rob-tica-G8/tarea4/forcefield/../../../../../../../usr/lib/x86_64-linux-gnu/cmake/Qt5OpenGL/Qt5OpenGLConfigVersion.cmake">
			<Option virtualFolder="CMake Files\..\..\..\..\..\..\..\usr\lib\x86_64-linux-gnu\cmake\Qt5OpenGL\"/>
		</Unit>
		<Unit filename="/home/alumno/robocomp/components/Rob-tica-G8/tarea4/forcefield/../../../../../../../usr/lib/x86_64-linux-gnu/cmake/Qt5Xml/Qt5XmlConfig.cmake">
			<Option virtualFolder="CMake Files\..\..\..\..\..\..\..\usr\lib\x86_64-linux-gnu\cmake\Qt5Xml\"/>
		</Unit>
		<Unit filename="/home/alumno/robocomp/components/Rob-tica-G8/tarea4/forcefield/../../../../../../../usr/lib/x86_64-linux-gnu/cmake/Qt5Xml/Qt5XmlConfigVersion.cmake">
			<Option virtualFolder="CMake Files\..\..\..\..\..\..\..\usr\lib\x86_64-linux-gnu\cmake\Qt5Xml\"/>
		</Unit>
		<Unit filename="/home/alumno/robocomp/components/Rob-tica-G8/tarea4/forcefield/../../../../../../../usr/lib/x86_64-linux-gnu/cmake/Qt5XmlPatterns/Qt5XmlPatternsConfig.cmake">
			<Option virtualFolder="CMake Files\..\..\..\..\..\..\..\usr\lib\x86_64-linux-gnu\cmake\Qt5XmlPatterns\"/>
		</Unit>
		<Unit filename="/home/alumno/robocomp/components/Rob-tica-G8/tarea4/forcefield/../../../../../../../usr/lib/x86_64-linux-gnu/cmake/Qt5XmlPatterns/Qt5XmlPatternsConfigVersion.cmake">
			<Option virtualFolder="CMake Files\..\..\..\..\..\..\..\usr\lib\x86_64-linux-gnu\cmake\Qt5XmlPatterns\"/>
		</Unit>
		<Unit filename="/home/alumno/robocomp/components/Rob-tica-G8/tarea4/forcefield/../../../../../../../usr/lib/x86_64-linux-gnu/cmake/Qt5Network/Qt5NetworkConfig.cmake">
			<Option virtualFolder="CMake Files\..\..\..\..\..\..\..\usr\lib\x86_64-linux-gnu\cmake\Qt5Network\"/>
		</Unit>
		<Unit filename="/home/alumno/robocomp/components/Rob-tica-G8/tarea4/forcefield/../../../../../../../usr/lib/x86_64-linux-gnu/cmake/Qt5Network/Qt5NetworkConfigVersion.cmake">
			<Option virtualFolder="CMake Files\..\..\..\..\..\..\..\usr\lib\x86_64-linux-gnu\cmake\Qt5Network\"/>
		</Unit>
		<Unit filename="/home/alumno/robocomp/components/Rob-tica-G8/tarea4/forcefield/../../../../../../../usr/lib/x86_64-linux-gnu/cmake/Qt5Network/Qt5Network_QConnmanEnginePlugin.cmake">
			<Option virtualFolder="CMake Files\..\..\..\..\..\..\..\usr\lib\x86_64-linux-gnu\cmake\Qt5Network\"/>
		</Unit>
		<Unit filename="/home/alumno/robocomp/components/Rob-tica-G8/tarea4/forcefield/../../../../../../../usr/lib/x86_64-linux-gnu/cmake/Qt5Network/Qt5Network_QGenericEnginePlugin.cmake">
			<Option virtualFolder="CMake Files\..\..\..\..\..\..\..\usr\lib\x86_64-linux-gnu\cmake\Qt5Network\"/>
		</Unit>
		<Unit filename="/home/alumno/robocomp/components/Rob-tica-G8/tarea4/forcefield/../../../../../../../usr/lib/x86_64-linux-gnu/cmake/Qt5Network/Qt5Network_QNetworkManagerEnginePlugin.cmake">
			<Option virtualFolder="CMake Files\..\..\..\..\..\..\..\usr\lib\x86_64-linux-gnu\cmake\Qt5Network\"/>
		</Unit>
		<Unit filename="/home/alumno/robocomp/components/Rob-tica-G8/tarea4/forcefield/../../../../../../../usr/lib/x86_64-linux-gnu/cmake/opencv4/OpenCVConfig-version.cmake">
			<Option virtualFolder="CMake Files\..\..\..\..\..\..\..\usr\lib\x86_64-linux-gnu\cmake\opencv4\"/>
		</Unit>
		<Unit filename="/home/alumno/robocomp/components/Rob-tica-G8/tarea4/forcefield/../../../../../../../usr/lib/x86_64-linux-gnu/cmake/opencv4/OpenCVConfig.cmake">
			<Option virtualFolder="CMake Files\..\..\..\..\..\..\..\usr\lib\x86_64-linux-gnu\cmake\opencv4\"/>
		</Unit>
		<Unit filename="/home/alumno/robocomp/components/Rob-tica-G8/tarea4/forcefield/../../../../../../../usr/lib/x86_64-linux-gnu/cmake/opencv4/OpenCVModules-release.cmake">
			<Option virtualFolder="CMake Files\..\..\..\..\..\..\..\usr\lib\x86_64-linux-gnu\cmake\opencv4\"/>
		</Unit>
		<Unit filename="/home/alumno/robocomp/components/Rob-tica-G8/tarea4/forcefield/../../../../../../../usr/lib/x86_64-linux-gnu/cmake/opencv4/OpenCVModules.cmake">
			<Option virtualFolder="CMake Files\..\..\..\..\..\..\..\usr\lib\x86_64-linux-gnu\cmake\opencv4\"/>
		</Unit>
	</Project>
</CodeBlocks_project_file>
